version: 6
environments:
  default:
    channels:
    - url: https://conda.anaconda.org/conda-forge/
    packages:
      osx-64:
      - conda: https://conda.anaconda.org/conda-forge/noarch/attrs-25.4.0-pyh71513ae_0.conda
      - conda: https://conda.anaconda.org/conda-forge/noarch/aws-xray-sdk-2.15.0-pyhd8ed1ab_0.conda
      - conda: https://conda.anaconda.org/conda-forge/noarch/blinker-1.9.0-pyhff2d567_0.conda
      - conda: https://conda.anaconda.org/conda-forge/noarch/boto3-1.42.0-pyhd8ed1ab_0.conda
      - conda: https://conda.anaconda.org/conda-forge/noarch/botocore-1.41.6-pyhd8ed1ab_0.conda
      - conda: https://conda.anaconda.org/conda-forge/osx-64/brotli-python-1.2.0-py314h3262eb8_1.conda
      - conda: https://conda.anaconda.org/conda-forge/osx-64/bzip2-1.0.8-h500dc9f_8.conda
      - conda: https://conda.anaconda.org/conda-forge/noarch/ca-certificates-2025.11.12-hbd8a1cb_0.conda
      - conda: https://conda.anaconda.org/conda-forge/noarch/certifi-2025.11.12-pyhd8ed1ab_0.conda
      - conda: https://conda.anaconda.org/conda-forge/osx-64/cffi-2.0.0-py314h8ca4d5a_1.conda
      - conda: https://conda.anaconda.org/conda-forge/noarch/cfgv-3.5.0-pyhd8ed1ab_0.conda
      - conda: https://conda.anaconda.org/conda-forge/noarch/charset-normalizer-3.4.4-pyhd8ed1ab_0.conda
      - conda: https://conda.anaconda.org/conda-forge/noarch/click-8.3.1-pyh8f84b5b_1.conda
      - conda: https://conda.anaconda.org/conda-forge/noarch/colorama-0.4.6-pyhd8ed1ab_1.conda
      - conda: https://conda.anaconda.org/conda-forge/osx-64/coverage-7.12.0-py314hb9c7d66_0.conda
      - conda: https://conda.anaconda.org/conda-forge/osx-64/cryptography-46.0.3-py314h61e53f1_0.conda
      - conda: https://conda.anaconda.org/conda-forge/noarch/distlib-0.4.0-pyhd8ed1ab_0.conda
      - conda: https://conda.anaconda.org/conda-forge/noarch/exceptiongroup-1.3.1-pyhd8ed1ab_0.conda
      - conda: https://conda.anaconda.org/conda-forge/noarch/filelock-3.20.0-pyhd8ed1ab_0.conda
      - conda: https://conda.anaconda.org/conda-forge/noarch/flask-3.1.2-pyhd8ed1ab_0.conda
      - conda: https://conda.anaconda.org/conda-forge/noarch/flask-cors-6.0.1-pyhe01879c_0.conda
      - conda: https://conda.anaconda.org/conda-forge/noarch/h2-4.3.0-pyhcf101f3_0.conda
      - conda: https://conda.anaconda.org/conda-forge/noarch/hpack-4.1.0-pyhd8ed1ab_0.conda
      - conda: https://conda.anaconda.org/conda-forge/noarch/hyperframe-6.1.0-pyhd8ed1ab_0.conda
      - conda: https://conda.anaconda.org/conda-forge/osx-64/icu-75.1-h120a0e1_0.conda
      - conda: https://conda.anaconda.org/conda-forge/noarch/identify-2.6.15-pyhd8ed1ab_0.conda
      - conda: https://conda.anaconda.org/conda-forge/noarch/idna-3.11-pyhd8ed1ab_0.conda
      - conda: https://conda.anaconda.org/conda-forge/noarch/importlib-metadata-8.7.0-pyhe01879c_1.conda
      - conda: https://conda.anaconda.org/conda-forge/noarch/importlib_resources-6.5.2-pyhd8ed1ab_0.conda
      - conda: https://conda.anaconda.org/conda-forge/noarch/iniconfig-2.3.0-pyhd8ed1ab_0.conda
      - conda: https://conda.anaconda.org/conda-forge/noarch/itsdangerous-2.2.0-pyhd8ed1ab_1.conda
      - conda: https://conda.anaconda.org/conda-forge/noarch/jinja2-3.1.6-pyhcf101f3_1.conda
      - conda: https://conda.anaconda.org/conda-forge/noarch/jmespath-1.0.1-pyhd8ed1ab_1.conda
      - conda: https://conda.anaconda.org/conda-forge/noarch/joserfc-1.5.0-pyhd8ed1ab_0.conda
      - conda: https://conda.anaconda.org/conda-forge/noarch/jsondiff-2.2.1-pyhd8ed1ab_1.conda
      - conda: https://conda.anaconda.org/conda-forge/noarch/jsonschema-4.25.1-pyhe01879c_0.conda
      - conda: https://conda.anaconda.org/conda-forge/noarch/jsonschema-path-0.3.4-pyh29332c3_0.conda
      - conda: https://conda.anaconda.org/conda-forge/noarch/jsonschema-specifications-2025.9.1-pyhcf101f3_0.conda
      - conda: https://conda.anaconda.org/conda-forge/osx-64/lazy-object-proxy-1.12.0-py314h6482030_1.conda
      - conda: https://conda.anaconda.org/conda-forge/osx-64/libcxx-21.1.6-h3d58e20_0.conda
      - conda: https://conda.anaconda.org/conda-forge/osx-64/libexpat-2.7.3-heffb93a_0.conda
      - conda: https://conda.anaconda.org/conda-forge/osx-64/libffi-3.5.2-h750e83c_0.conda
      - conda: https://conda.anaconda.org/conda-forge/osx-64/liblzma-5.8.1-hd471939_2.conda
      - conda: https://conda.anaconda.org/conda-forge/osx-64/libmpdec-4.0.0-h6e16a3a_0.conda
      - conda: https://conda.anaconda.org/conda-forge/osx-64/libsqlite-3.51.1-h6cc646a_0.conda
      - conda: https://conda.anaconda.org/conda-forge/osx-64/libzlib-1.3.1-hd23fc13_2.conda
      - conda: https://conda.anaconda.org/conda-forge/noarch/markupsafe-3.0.3-pyh7db6752_0.conda
      - conda: https://conda.anaconda.org/conda-forge/noarch/moto-5.1.18-pyhd8ed1ab_0.conda
      - conda: https://conda.anaconda.org/conda-forge/osx-64/ncurses-6.5-h0622a9a_3.conda
      - conda: https://conda.anaconda.org/conda-forge/noarch/nodeenv-1.9.1-pyhd8ed1ab_1.conda
      - conda: https://conda.anaconda.org/conda-forge/noarch/openapi-schema-validator-0.6.3-pyhd8ed1ab_0.conda
      - conda: https://conda.anaconda.org/conda-forge/noarch/openapi-spec-validator-0.7.2-pyhe01879c_0.conda
      - conda: https://conda.anaconda.org/conda-forge/osx-64/openssl-3.6.0-h230baf5_0.conda
      - conda: https://conda.anaconda.org/conda-forge/osx-64/opentofu-1.10.7-h694c41f_0.conda
      - conda: https://conda.anaconda.org/conda-forge/noarch/packaging-25.0-pyh29332c3_1.conda
      - conda: https://conda.anaconda.org/conda-forge/noarch/pathable-0.4.4-pyhd8ed1ab_0.conda
      - conda: https://conda.anaconda.org/conda-forge/noarch/platformdirs-4.5.0-pyhcf101f3_0.conda
      - conda: https://conda.anaconda.org/conda-forge/noarch/pluggy-1.6.0-pyhd8ed1ab_0.conda
      - conda: https://conda.anaconda.org/conda-forge/noarch/pre-commit-4.5.0-pyha770c72_0.conda
      - conda: https://conda.anaconda.org/conda-forge/noarch/pycparser-2.22-pyh29332c3_1.conda
      - conda: https://conda.anaconda.org/conda-forge/noarch/pygments-2.19.2-pyhd8ed1ab_0.conda
      - conda: https://conda.anaconda.org/conda-forge/noarch/pyparsing-3.2.5-pyhcf101f3_0.conda
      - conda: https://conda.anaconda.org/conda-forge/noarch/pysocks-1.7.1-pyha55dd90_7.conda
      - conda: https://conda.anaconda.org/conda-forge/noarch/pytest-9.0.1-pyhcf101f3_0.conda
      - conda: https://conda.anaconda.org/conda-forge/noarch/pytest-cov-7.0.0-pyhcf101f3_1.conda
      - conda: https://conda.anaconda.org/conda-forge/osx-64/python-3.14.0-hf88997e_102_cp314.conda
      - conda: https://conda.anaconda.org/conda-forge/noarch/python-dateutil-2.9.0.post0-pyhe01879c_2.conda
      - conda: https://conda.anaconda.org/conda-forge/noarch/python_abi-3.14-8_cp314.conda
      - conda: https://conda.anaconda.org/conda-forge/noarch/pyyaml-6.0.3-pyh7db6752_0.conda
      - conda: https://conda.anaconda.org/conda-forge/osx-64/readline-8.2-h7cca4af_2.conda
      - conda: https://conda.anaconda.org/conda-forge/noarch/referencing-0.36.2-pyh29332c3_0.conda
      - conda: https://conda.anaconda.org/conda-forge/noarch/requests-2.32.5-pyhd8ed1ab_0.conda
      - conda: https://conda.anaconda.org/conda-forge/noarch/responses-0.25.8-pyhd8ed1ab_0.conda
      - conda: https://conda.anaconda.org/conda-forge/noarch/rfc3339-validator-0.1.4-pyhd8ed1ab_1.conda
      - conda: https://conda.anaconda.org/conda-forge/osx-64/rpds-py-0.30.0-py314ha7b6dee_0.conda
      - conda: https://conda.anaconda.org/conda-forge/noarch/s3transfer-0.16.0-pyhd8ed1ab_0.conda
      - conda: https://conda.anaconda.org/conda-forge/noarch/setuptools-80.9.0-pyhff2d567_0.conda
      - conda: https://conda.anaconda.org/conda-forge/noarch/six-1.17.0-pyhe01879c_1.conda
      - conda: https://conda.anaconda.org/conda-forge/osx-64/tk-8.6.13-hf689a15_3.conda
      - conda: https://conda.anaconda.org/conda-forge/noarch/tomli-2.3.0-pyhcf101f3_0.conda
      - conda: https://conda.anaconda.org/conda-forge/noarch/types-pyyaml-6.0.12.20250915-pyhd8ed1ab_1.conda
      - conda: https://conda.anaconda.org/conda-forge/noarch/typing_extensions-4.15.0-pyhcf101f3_0.conda
      - conda: https://conda.anaconda.org/conda-forge/noarch/tzdata-2025b-h78e105d_0.conda
      - conda: https://conda.anaconda.org/conda-forge/osx-64/ukkonen-1.0.1-py314hd4d8fbc_6.conda
      - conda: https://conda.anaconda.org/conda-forge/noarch/urllib3-2.5.0-pyhd8ed1ab_0.conda
      - conda: https://conda.anaconda.org/conda-forge/noarch/virtualenv-20.35.4-pyhd8ed1ab_0.conda
      - conda: https://conda.anaconda.org/conda-forge/noarch/werkzeug-3.1.4-pyhcf101f3_0.conda
      - conda: https://conda.anaconda.org/conda-forge/osx-64/wrapt-2.0.1-py314h6482030_1.conda
      - conda: https://conda.anaconda.org/conda-forge/noarch/xmltodict-1.0.2-pyhcf101f3_0.conda
      - conda: https://conda.anaconda.org/conda-forge/osx-64/yaml-0.2.5-h4132b18_3.conda
      - conda: https://conda.anaconda.org/conda-forge/noarch/zipp-3.23.0-pyhcf101f3_1.conda
      - conda: https://conda.anaconda.org/conda-forge/osx-64/zstandard-0.25.0-py314hd1e8ddb_1.conda
      - conda: https://conda.anaconda.org/conda-forge/osx-64/zstd-1.5.7-h281d3d1_5.conda
packages:
- conda: https://conda.anaconda.org/conda-forge/noarch/attrs-25.4.0-pyh71513ae_0.conda
  sha256: f6c3c19fa599a1a856a88db166c318b148cac3ee4851a9905ed8a04eeec79f45
  md5: c7944d55af26b6d2d7629e27e9a972c1
  depends:
  - python >=3.10
  license: MIT
  license_family: MIT
  size: 60101
  timestamp: 1759762331492
- conda: https://conda.anaconda.org/conda-forge/noarch/aws-xray-sdk-2.15.0-pyhd8ed1ab_0.conda
  sha256: d1923e6cd042b0550f8660bbc537aca5743a53d3040d19cff5587800b548da2e
  md5: 1f48c875aca86dcc773970ab40487a49
  depends:
  - botocore >=1.11.3
  - python >=3.10
  - wrapt
  license: Apache-2.0
  license_family: APACHE
  size: 74329
  timestamp: 1761834463554
- conda: https://conda.anaconda.org/conda-forge/noarch/blinker-1.9.0-pyhff2d567_0.conda
  sha256: f7efd22b5c15b400ed84a996d777b6327e5c402e79e3c534a7e086236f1eb2dc
  md5: 42834439227a4551b939beeeb8a4b085
  depends:
  - python >=3.9
  license: MIT
  license_family: MIT
  size: 13934
  timestamp: 1731096548765
- conda: https://conda.anaconda.org/conda-forge/noarch/boto3-1.42.0-pyhd8ed1ab_0.conda
  sha256: e5a59afffed08d22ce9df4a28fe7f67c4c4ddfaa4f4832417cea980ee0fa4245
  md5: dafca5fdb80bc732b4c0c9b52f9fdd46
  depends:
  - botocore >=1.41.6,<1.42.0
  - jmespath >=0.7.1,<2.0.0
  - python >=3.10
  - s3transfer >=0.16.0,<0.17.0
  license: Apache-2.0
  license_family: Apache
  size: 84728
  timestamp: 1764606293582
- conda: https://conda.anaconda.org/conda-forge/noarch/botocore-1.41.6-pyhd8ed1ab_0.conda
  sha256: f737ed9e6b86bab6d72449ebc6287e6688110f3237ca5a3174ff92d63c6fbbc1
  md5: 2b77e25e80eda1f6753f283819130fb8
  depends:
  - jmespath >=0.7.1,<2.0.0
  - python >=3.10
  - python-dateutil >=2.1,<3.0.0
  - urllib3 >=1.25.4,!=2.2.0,<3
  license: Apache-2.0
  license_family: Apache
  size: 8312029
  timestamp: 1764602494555
- conda: https://conda.anaconda.org/conda-forge/osx-64/brotli-python-1.2.0-py314h3262eb8_1.conda
  sha256: 2e34922abda4ac5726c547887161327b97c3bbd39f1204a5db162526b8b04300
  md5: 389d75a294091e0d7fa5a6fc683c4d50
  depends:
  - __osx >=10.13
  - libcxx >=19
  - python >=3.14,<3.15.0a0
  - python_abi 3.14.* *_cp314
  constrains:
  - libbrotlicommon 1.2.0 h8616949_1
  license: MIT
  license_family: MIT
  size: 390153
  timestamp: 1764017784596
- conda: https://conda.anaconda.org/conda-forge/osx-64/bzip2-1.0.8-h500dc9f_8.conda
  sha256: 8f50b58efb29c710f3cecf2027a8d7325ba769ab10c746eff75cea3ac050b10c
  md5: 97c4b3bd8a90722104798175a1bdddbf
  depends:
  - __osx >=10.13
  license: bzip2-1.0.6
  license_family: BSD
  size: 132607
  timestamp: 1757437730085
- conda: https://conda.anaconda.org/conda-forge/noarch/ca-certificates-2025.11.12-hbd8a1cb_0.conda
  sha256: b986ba796d42c9d3265602bc038f6f5264095702dd546c14bc684e60c385e773
  md5: f0991f0f84902f6b6009b4d2350a83aa
  depends:
  - __unix
  license: ISC
  size: 152432
  timestamp: 1762967197890
- conda: https://conda.anaconda.org/conda-forge/noarch/certifi-2025.11.12-pyhd8ed1ab_0.conda
  sha256: 083a2bdad892ccf02b352ecab38ee86c3e610ba9a4b11b073ea769d55a115d32
  md5: 96a02a5c1a65470a7e4eedb644c872fd
  depends:
  - python >=3.10
  license: ISC
  size: 157131
  timestamp: 1762976260320
- conda: https://conda.anaconda.org/conda-forge/osx-64/cffi-2.0.0-py314h8ca4d5a_1.conda
  sha256: e2c58cc2451cc96db2a3c8ec34e18889878db1e95cc3e32c85e737e02a7916fb
  md5: 71c2caaa13f50fe0ebad0f961aee8073
  depends:
  - __osx >=10.13
  - libffi >=3.5.2,<3.6.0a0
  - pycparser
  - python >=3.14,<3.15.0a0
  - python_abi 3.14.* *_cp314
  license: MIT
  license_family: MIT
  size: 293633
  timestamp: 1761203106369
- conda: https://conda.anaconda.org/conda-forge/noarch/cfgv-3.5.0-pyhd8ed1ab_0.conda
  sha256: aa589352e61bb221351a79e5946d56916e3c595783994884accdb3b97fe9d449
  md5: 381bd45fb7aa032691f3063aff47e3a1
  depends:
  - python >=3.10
  license: MIT
  license_family: MIT
  size: 13589
  timestamp: 1763607964133
- conda: https://conda.anaconda.org/conda-forge/noarch/charset-normalizer-3.4.4-pyhd8ed1ab_0.conda
  sha256: b32f8362e885f1b8417bac2b3da4db7323faa12d5db62b7fd6691c02d60d6f59
  md5: a22d1fd9bf98827e280a02875d9a007a
  depends:
  - python >=3.10
  license: MIT
  license_family: MIT
  size: 50965
  timestamp: 1760437331772
- conda: https://conda.anaconda.org/conda-forge/noarch/click-8.3.1-pyh8f84b5b_1.conda
  sha256: 38cfe1ee75b21a8361c8824f5544c3866f303af1762693a178266d7f198e8715
  md5: ea8a6c3256897cc31263de9f455e25d9
  depends:
  - python >=3.10
  - __unix
  - python
  license: BSD-3-Clause
  size: 97676
  timestamp: 1764518652276
- conda: https://conda.anaconda.org/conda-forge/noarch/colorama-0.4.6-pyhd8ed1ab_1.conda
  sha256: ab29d57dc70786c1269633ba3dff20288b81664d3ff8d21af995742e2bb03287
  md5: 962b9857ee8e7018c22f2776ffa0b2d7
  depends:
  - python >=3.9
  license: BSD-3-Clause
  license_family: BSD
  size: 27011
  timestamp: 1733218222191
- conda: https://conda.anaconda.org/conda-forge/osx-64/coverage-7.12.0-py314hb9c7d66_0.conda
  sha256: 7ddcda3be190ccd7f1bbd9e59da43c4f611b788fcc6c9136b576197a0efee13b
  md5: d8805ca5ce27c9a2182baf03a16209ab
  depends:
  - __osx >=10.13
  - python >=3.14,<3.15.0a0
  - python_abi 3.14.* *_cp314
  - tomli
  license: Apache-2.0
  license_family: APACHE
  size: 406407
  timestamp: 1763480938070
- conda: https://conda.anaconda.org/conda-forge/osx-64/cryptography-46.0.3-py314h61e53f1_0.conda
  sha256: bfc45c9d67b1c36e76e18e7308b63ceb2a0d351e7c847db3b54496075fdb3250
  md5: 908e396d03a0cb232f96113c4cd0fc79
  depends:
  - __osx >=10.13
  - cffi >=1.14
  - openssl >=3.5.4,<4.0a0
  - python >=3.14,<3.15.0a0
  - python_abi 3.14.* *_cp314
  constrains:
  - __osx >=10.13
  license: Apache-2.0 AND BSD-3-Clause AND PSF-2.0 AND MIT
  license_family: BSD
  size: 1658419
  timestamp: 1760605567015
- conda: https://conda.anaconda.org/conda-forge/noarch/distlib-0.4.0-pyhd8ed1ab_0.conda
  sha256: 6d977f0b2fc24fee21a9554389ab83070db341af6d6f09285360b2e09ef8b26e
  md5: 003b8ba0a94e2f1e117d0bd46aebc901
  depends:
  - python >=3.9
  license: Apache-2.0
  license_family: APACHE
  size: 275642
  timestamp: 1752823081585
- conda: https://conda.anaconda.org/conda-forge/noarch/exceptiongroup-1.3.1-pyhd8ed1ab_0.conda
  sha256: ee6cf346d017d954255bbcbdb424cddea4d14e4ed7e9813e429db1d795d01144
  md5: 8e662bd460bda79b1ea39194e3c4c9ab
  depends:
  - python >=3.10
  - typing_extensions >=4.6.0
  license: MIT and PSF-2.0
  size: 21333
  timestamp: 1763918099466
- conda: https://conda.anaconda.org/conda-forge/noarch/filelock-3.20.0-pyhd8ed1ab_0.conda
  sha256: 19025a4078ff3940d97eb0da29983d5e0deac9c3e09b0eabf897daeaf9d1114e
  md5: 66b8b26023b8efdf8fcb23bac4b6325d
  depends:
  - python >=3.10
  license: Unlicense
  size: 17976
  timestamp: 1759948208140
- conda: https://conda.anaconda.org/conda-forge/noarch/flask-3.1.2-pyhd8ed1ab_0.conda
  sha256: 8a97eba37e0723720706d4636cc89c6b07eea1b7cc66fd8994fa8983a81ed988
  md5: ba67a9febeda36948fee26a3dec3d914
  depends:
  - blinker >=1.9.0
  - click >=8.1.3
  - importlib-metadata >=3.6.0
  - itsdangerous >=2.2.0
  - jinja2 >=3.1.2
  - markupsafe >=2.1.1
  - python >=3.9
  - werkzeug >=3.1.0
  license: BSD-3-Clause
  license_family: BSD
  size: 82438
  timestamp: 1755674743256
- conda: https://conda.anaconda.org/conda-forge/noarch/flask-cors-6.0.1-pyhe01879c_0.conda
  sha256: 11f11e5d2c09cae700b6918fae1e4017471e1a8ea772b1d46065d64cf8147a4c
  md5: f9e706ca303e7baa8866c416e56c4a45
  depends:
  - flask >=0.9
  - python >=3.9
  - werkzeug >=0.7
  - python
  license: MIT
  license_family: MIT
  size: 18747
  timestamp: 1749615415615
- conda: https://conda.anaconda.org/conda-forge/noarch/h2-4.3.0-pyhcf101f3_0.conda
  sha256: 84c64443368f84b600bfecc529a1194a3b14c3656ee2e832d15a20e0329b6da3
  md5: 164fc43f0b53b6e3a7bc7dce5e4f1dc9
  depends:
  - python >=3.10
  - hyperframe >=6.1,<7
  - hpack >=4.1,<5
  - python
  license: MIT
  license_family: MIT
  size: 95967
  timestamp: 1756364871835
- conda: https://conda.anaconda.org/conda-forge/noarch/hpack-4.1.0-pyhd8ed1ab_0.conda
  sha256: 6ad78a180576c706aabeb5b4c8ceb97c0cb25f1e112d76495bff23e3779948ba
  md5: 0a802cb9888dd14eeefc611f05c40b6e
  depends:
  - python >=3.9
  license: MIT
  license_family: MIT
  size: 30731
  timestamp: 1737618390337
- conda: https://conda.anaconda.org/conda-forge/noarch/hyperframe-6.1.0-pyhd8ed1ab_0.conda
  sha256: 77af6f5fe8b62ca07d09ac60127a30d9069fdc3c68d6b256754d0ffb1f7779f8
  md5: 8e6923fc12f1fe8f8c4e5c9f343256ac
  depends:
  - python >=3.9
  license: MIT
  license_family: MIT
  size: 17397
  timestamp: 1737618427549
- conda: https://conda.anaconda.org/conda-forge/osx-64/icu-75.1-h120a0e1_0.conda
  sha256: 2e64307532f482a0929412976c8450c719d558ba20c0962832132fd0d07ba7a7
  md5: d68d48a3060eb5abdc1cdc8e2a3a5966
  depends:
  - __osx >=10.13
  license: MIT
  license_family: MIT
  size: 11761697
  timestamp: 1720853679409
- conda: https://conda.anaconda.org/conda-forge/noarch/identify-2.6.15-pyhd8ed1ab_0.conda
  sha256: 32d5007d12e5731867908cbf5345f5cd44a6c8755a2e8e63e15a184826a51f82
  md5: 25f954b7dae6dd7b0dc004dab74f1ce9
  depends:
  - python >=3.10
  - ukkonen
  license: MIT
  license_family: MIT
  size: 79151
  timestamp: 1759437561529
- conda: https://conda.anaconda.org/conda-forge/noarch/idna-3.11-pyhd8ed1ab_0.conda
  sha256: ae89d0299ada2a3162c2614a9d26557a92aa6a77120ce142f8e0109bbf0342b0
  md5: 53abe63df7e10a6ba605dc5f9f961d36
  depends:
  - python >=3.10
  license: BSD-3-Clause
  license_family: BSD
  size: 50721
  timestamp: 1760286526795
- conda: https://conda.anaconda.org/conda-forge/noarch/importlib-metadata-8.7.0-pyhe01879c_1.conda
  sha256: c18ab120a0613ada4391b15981d86ff777b5690ca461ea7e9e49531e8f374745
  md5: 63ccfdc3a3ce25b027b8767eb722fca8
  depends:
  - python >=3.9
  - zipp >=3.20
  - python
  license: Apache-2.0
  license_family: APACHE
  size: 34641
  timestamp: 1747934053147
- conda: https://conda.anaconda.org/conda-forge/noarch/importlib_resources-6.5.2-pyhd8ed1ab_0.conda
  sha256: acc1d991837c0afb67c75b77fdc72b4bf022aac71fedd8b9ea45918ac9b08a80
  md5: c85c76dc67d75619a92f51dfbce06992
  depends:
  - python >=3.9
  - zipp >=3.1.0
  constrains:
  - importlib-resources >=6.5.2,<6.5.3.0a0
  license: Apache-2.0
  license_family: APACHE
  size: 33781
  timestamp: 1736252433366
- conda: https://conda.anaconda.org/conda-forge/noarch/iniconfig-2.3.0-pyhd8ed1ab_0.conda
  sha256: e1a9e3b1c8fe62dc3932a616c284b5d8cbe3124bbfbedcf4ce5c828cb166ee19
  md5: 9614359868482abba1bd15ce465e3c42
  depends:
  - python >=3.10
  license: MIT
  license_family: MIT
  size: 13387
  timestamp: 1760831448842
- conda: https://conda.anaconda.org/conda-forge/noarch/itsdangerous-2.2.0-pyhd8ed1ab_1.conda
  sha256: 1684b7b16eec08efef5302ce298c606b163c18272b69a62b666fbaa61516f170
  md5: 7ac5f795c15f288984e32add616cdc59
  depends:
  - python >=3.9
  license: BSD-3-Clause
  license_family: BSD
  size: 19180
  timestamp: 1733308353037
- conda: https://conda.anaconda.org/conda-forge/noarch/jinja2-3.1.6-pyhcf101f3_1.conda
  sha256: fc9ca7348a4f25fed2079f2153ecdcf5f9cf2a0bc36c4172420ca09e1849df7b
  md5: 04558c96691bed63104678757beb4f8d
  depends:
  - markupsafe >=2.0
  - python >=3.10
  - python
  license: BSD-3-Clause
  size: 120685
  timestamp: 1764517220861
- conda: https://conda.anaconda.org/conda-forge/noarch/jmespath-1.0.1-pyhd8ed1ab_1.conda
  sha256: 3d2f20ee7fd731e3ff55c189db9c43231bc8bde957875817a609c227bcb295c6
  md5: 972bdca8f30147135f951847b30399ea
  depends:
  - python >=3.9
  license: MIT
  license_family: MIT
  size: 23708
  timestamp: 1733229244590
- conda: https://conda.anaconda.org/conda-forge/noarch/joserfc-1.5.0-pyhd8ed1ab_0.conda
  sha256: 8659b4d72227c90b34bf6f2576e346d38e1f3bb3101089f2ac9b7123acecef38
  md5: 0f301599707ac4e1b8a9786829c10c4e
  depends:
  - cryptography
  - python >=3.10
  license: BSD-3-Clause
  license_family: BSD
  size: 51404
  timestamp: 1764488278889
- conda: https://conda.anaconda.org/conda-forge/noarch/jsondiff-2.2.1-pyhd8ed1ab_1.conda
  sha256: 6cf0505add010cc07ab07b17288ef305a2717e8d16d88c131bb5d408a2c0d293
  md5: 17bcb57d022fa03627dfa6a782009a0c
  depends:
  - python >=3.9
  - pyyaml
  license: MIT
  license_family: MIT
  size: 18019
  timestamp: 1735929187910
- conda: https://conda.anaconda.org/conda-forge/noarch/jsonschema-4.25.1-pyhe01879c_0.conda
  sha256: ac377ef7762e49cb9c4f985f1281eeff471e9adc3402526eea78e6ac6589cf1d
  md5: 341fd940c242cf33e832c0402face56f
  depends:
  - attrs >=22.2.0
  - jsonschema-specifications >=2023.3.6
  - python >=3.9
  - referencing >=0.28.4
  - rpds-py >=0.7.1
  - python
  license: MIT
  license_family: MIT
  size: 81688
  timestamp: 1755595646123
- conda: https://conda.anaconda.org/conda-forge/noarch/jsonschema-path-0.3.4-pyh29332c3_0.conda
  sha256: 54ae9b11f76c2cf962f07b9711865a6ca482e7f23109cca447160aec51256fda
  md5: 2db827e73306cbf15c69ee52b250d68b
  depends:
  - pathable >=0.4.1,<0.5.0
  - python >=3.9
  - pyyaml >=5.1
  - referencing <0.37.0
  - requests >=2.31.0,<3.0.0
  - python
  license: Apache-2.0
  license_family: APACHE
  size: 22714
  timestamp: 1737837054101
- conda: https://conda.anaconda.org/conda-forge/noarch/jsonschema-specifications-2025.9.1-pyhcf101f3_0.conda
  sha256: 0a4f3b132f0faca10c89fdf3b60e15abb62ded6fa80aebfc007d05965192aa04
  md5: 439cd0f567d697b20a8f45cb70a1005a
  depends:
  - python >=3.10
  - referencing >=0.31.0
  - python
  license: MIT
  license_family: MIT
  size: 19236
  timestamp: 1757335715225
- conda: https://conda.anaconda.org/conda-forge/osx-64/lazy-object-proxy-1.12.0-py314h6482030_1.conda
  sha256: 9618c1f4e7ab528e07b6388b446a58496530ff975892d14ca03937da852454b9
  md5: 4455251e0b4892a75d699a7fd5c90cfd
  depends:
  - __osx >=10.13
  - python >=3.14,<3.15.0a0
  - python_abi 3.14.* *_cp314
  license: BSD-2-Clause
  license_family: BSD
  size: 38779
  timestamp: 1762507062212
- conda: https://conda.anaconda.org/conda-forge/osx-64/libcxx-21.1.6-h3d58e20_0.conda
  sha256: 91335ef5f9d228399550937628fc8739c914f106a116b89da1580c4412902ac4
  md5: 866af4d7269cd8c9b70f5b49ad6173aa
  depends:
  - __osx >=10.13
  license: Apache-2.0 WITH LLVM-exception
  license_family: Apache
  size: 569027
  timestamp: 1763470314045
- conda: https://conda.anaconda.org/conda-forge/osx-64/libexpat-2.7.3-heffb93a_0.conda
  sha256: d11b3a6ce5b2e832f430fd112084533a01220597221bee16d6c7dc3947dffba6
  md5: 222e0732a1d0780a622926265bee14ef
  depends:
  - __osx >=10.13
  constrains:
  - expat 2.7.3.*
  license: MIT
  license_family: MIT
  size: 74058
  timestamp: 1763549886493
- conda: https://conda.anaconda.org/conda-forge/osx-64/libffi-3.5.2-h750e83c_0.conda
  sha256: 277dc89950f5d97f1683f26e362d6dca3c2efa16cb2f6fdb73d109effa1cd3d0
  md5: d214916b24c625bcc459b245d509f22e
  depends:
  - __osx >=10.13
  license: MIT
  license_family: MIT
  size: 52573
  timestamp: 1760295626449
- conda: https://conda.anaconda.org/conda-forge/osx-64/liblzma-5.8.1-hd471939_2.conda
  sha256: 7e22fd1bdb8bf4c2be93de2d4e718db5c548aa082af47a7430eb23192de6bb36
  md5: 8468beea04b9065b9807fc8b9cdc5894
  depends:
  - __osx >=10.13
  constrains:
  - xz 5.8.1.*
  license: 0BSD
  size: 104826
  timestamp: 1749230155443
- conda: https://conda.anaconda.org/conda-forge/osx-64/libmpdec-4.0.0-h6e16a3a_0.conda
  sha256: 98299c73c7a93cd4f5ff8bb7f43cd80389f08b5a27a296d806bdef7841cc9b9e
  md5: 18b81186a6adb43f000ad19ed7b70381
  depends:
  - __osx >=10.13
  license: BSD-2-Clause
  license_family: BSD
  size: 77667
  timestamp: 1748393757154
- conda: https://conda.anaconda.org/conda-forge/osx-64/libsqlite-3.51.1-h6cc646a_0.conda
  sha256: 8460901daff15749354f0de143e766febf0682fe9201bf307ea84837707644d1
  md5: f71213ed0c51030cb17a77fc60a757f1
  depends:
  - __osx >=10.13
  - icu >=75.1,<76.0a0
  - libzlib >=1.3.1,<2.0a0
  license: blessing
  size: 991350
  timestamp: 1764359781222
- conda: https://conda.anaconda.org/conda-forge/osx-64/libzlib-1.3.1-hd23fc13_2.conda
  sha256: 8412f96504fc5993a63edf1e211d042a1fd5b1d51dedec755d2058948fcced09
  md5: 003a54a4e32b02f7355b50a837e699da
  depends:
  - __osx >=10.13
  constrains:
  - zlib 1.3.1 *_2
  license: Zlib
  license_family: Other
  size: 57133
  timestamp: 1727963183990
- conda: https://conda.anaconda.org/conda-forge/noarch/markupsafe-3.0.3-pyh7db6752_0.conda
  sha256: e0cbfea51a19b3055ca19428bd9233a25adca956c208abb9d00b21e7259c7e03
  md5: fab1be106a50e20f10fe5228fd1d1651
  depends:
  - python >=3.10
  constrains:
  - jinja2 >=3.0.0
  track_features:
  - markupsafe_no_compile
  license: BSD-3-Clause
  license_family: BSD
  size: 15499
  timestamp: 1759055275624
- conda: https://conda.anaconda.org/conda-forge/noarch/moto-5.1.18-pyhd8ed1ab_0.conda
  sha256: 4025d70375ee8237f6725ff6aa372319e201d1dcf61f5976e115df8a928449d9
  md5: 6fbfb22ba8915368a8ac71f2ecea4044
  depends:
  - aws-xray-sdk !=0.96,>=0.93
  - boto3 >=1.9.201
  - botocore >=1.14.0,!=1.35.45,!=1.35.46
  - cryptography >=3.3.1
  - flask !=2.2.0,!=2.2.1
  - flask-cors
  - jinja2 >=2.10.1
  - joserfc
  - jsondiff >=1.1.2
  - openapi-spec-validator >=0.6.0
  - pyparsing >=3.0.7
  - python >=3.10
  - python-dateutil <3.0.0,>=2.1
  - requests >=2.5
  - responses >=0.15.0
  - werkzeug >=0.5,!=2.2.0,!=2.2.1
  - xmltodict
  license: Apache-2.0
  license_family: APACHE
  size: 5189910
  timestamp: 1764554501084
- conda: https://conda.anaconda.org/conda-forge/osx-64/ncurses-6.5-h0622a9a_3.conda
  sha256: ea4a5d27ded18443749aefa49dc79f6356da8506d508b5296f60b8d51e0c4bd9
  md5: ced34dd9929f491ca6dab6a2927aff25
  depends:
  - __osx >=10.13
  license: X11 AND BSD-3-Clause
  size: 822259
  timestamp: 1738196181298
- conda: https://conda.anaconda.org/conda-forge/noarch/nodeenv-1.9.1-pyhd8ed1ab_1.conda
  sha256: 3636eec0e60466a00069b47ce94b6d88b01419b6577d8e393da44bb5bc8d3468
  md5: 7ba3f09fceae6a120d664217e58fe686
  depends:
  - python >=3.9
  - setuptools
  license: BSD-3-Clause
  license_family: BSD
  size: 34574
  timestamp: 1734112236147
- conda: https://conda.anaconda.org/conda-forge/noarch/openapi-schema-validator-0.6.3-pyhd8ed1ab_0.conda
  sha256: 586d9cbb78825a5b1bbff76358dddead8595ddb10362397d64c0b9f04fd25356
  md5: d99b3bb08a0d8c7116e15469ee0bed86
  depends:
  - jsonschema >=4.19.1,<5.0.0a0
  - jsonschema-specifications >=2023.5.2
  - python >=3.9
  - rfc3339-validator
  license: BSD-3-Clause
  license_family: BSD
  size: 17588
  timestamp: 1736695233725
- conda: https://conda.anaconda.org/conda-forge/noarch/openapi-spec-validator-0.7.2-pyhe01879c_0.conda
  sha256: 6a11dd75d24197f9fef0b51cb8918213c091d2dbda7f3abfafbbff2b35cf933e
  md5: 2541181696d89a4225d7e39bd5e8c200
  depends:
  - importlib_resources >=5.8,<7.0
  - jsonschema >=4.18.0,<5.0.0
  - jsonschema-path >=0.3.1,<0.4.0
  - lazy-object-proxy >=1.7.1,<2.0.0
  - openapi-schema-validator >=0.6.0,<0.7.0
  - python >=3.9
  - python
  license: Apache-2.0
  license_family: APACHE
  size: 49597
  timestamp: 1749392782112
- conda: https://conda.anaconda.org/conda-forge/osx-64/openssl-3.6.0-h230baf5_0.conda
  sha256: 36fe9fb316be22fcfb46d5fa3e2e85eec5ef84f908b7745f68f768917235b2d5
  md5: 3f50cdf9a97d0280655758b735781096
  depends:
  - __osx >=10.13
  - ca-certificates
  license: Apache-2.0
  license_family: Apache
  size: 2778996
  timestamp: 1762840724922
- conda: https://conda.anaconda.org/conda-forge/osx-64/opentofu-1.10.7-h694c41f_0.conda
  sha256: f942f0186590f0c7899651e260be4d3649fa9678a8cb2a272a16b1d771d96087
  md5: 20f623488d155fe775ba49a72356c7a6
  constrains:
  - __osx>=10.12
  license: MPL-2.0
  license_family: MOZILLA
  size: 22166550
  timestamp: 1762441782459
- conda: https://conda.anaconda.org/conda-forge/noarch/packaging-25.0-pyh29332c3_1.conda
  sha256: 289861ed0c13a15d7bbb408796af4de72c2fe67e2bcb0de98f4c3fce259d7991
  md5: 58335b26c38bf4a20f399384c33cbcf9
  depends:
  - python >=3.8
  - python
  license: Apache-2.0
  license_family: APACHE
  size: 62477
  timestamp: 1745345660407
- conda: https://conda.anaconda.org/conda-forge/noarch/pathable-0.4.4-pyhd8ed1ab_0.conda
  sha256: d1ab9496d20fd68e1a853f6a8e0f63c79626e00badf75af8a9a8dcd379302e23
  md5: 7177a7cde05e5b0b3635e13f07b13733
  depends:
  - python >=3.9
  license: Apache-2.0
  license_family: APACHE
  size: 17124
  timestamp: 1736621777997
- conda: https://conda.anaconda.org/conda-forge/noarch/platformdirs-4.5.0-pyhcf101f3_0.conda
  sha256: 7efd51b48d908de2d75cbb3c4a2e80dd9454e1c5bb8191b261af3136f7fa5888
  md5: 5c7a868f8241e64e1cf5fdf4962f23e2
  depends:
  - python >=3.10
  - python
  license: MIT
  license_family: MIT
  size: 23625
  timestamp: 1759953252315
- conda: https://conda.anaconda.org/conda-forge/noarch/pluggy-1.6.0-pyhd8ed1ab_0.conda
  sha256: a8eb555eef5063bbb7ba06a379fa7ea714f57d9741fe0efdb9442dbbc2cccbcc
  md5: 7da7ccd349dbf6487a7778579d2bb971
  depends:
  - python >=3.9
  license: MIT
  license_family: MIT
  size: 24246
  timestamp: 1747339794916
- conda: https://conda.anaconda.org/conda-forge/noarch/pre-commit-4.5.0-pyha770c72_0.conda
  sha256: 8481f4939b1f81cf0db12456819368b41e3f998e4463e41611de4b13752b2c08
  md5: af8d4882203bccefec6f1aeed70030c6
  depends:
  - cfgv >=2.0.0
  - identify >=1.0.0
  - nodeenv >=0.11.1
  - python >=3.10
  - pyyaml >=5.1
  - virtualenv >=20.10.0
  license: MIT
  license_family: MIT
  size: 201265
  timestamp: 1764067809524
- conda: https://conda.anaconda.org/conda-forge/noarch/pycparser-2.22-pyh29332c3_1.conda
  sha256: 79db7928d13fab2d892592223d7570f5061c192f27b9febd1a418427b719acc6
  md5: 12c566707c80111f9799308d9e265aef
  depends:
  - python >=3.9
  - python
  license: BSD-3-Clause
  license_family: BSD
  size: 110100
  timestamp: 1733195786147
- conda: https://conda.anaconda.org/conda-forge/noarch/pygments-2.19.2-pyhd8ed1ab_0.conda
  sha256: 5577623b9f6685ece2697c6eb7511b4c9ac5fb607c9babc2646c811b428fd46a
  md5: 6b6ece66ebcae2d5f326c77ef2c5a066
  depends:
  - python >=3.9
  license: BSD-2-Clause
  license_family: BSD
  size: 889287
  timestamp: 1750615908735
- conda: https://conda.anaconda.org/conda-forge/noarch/pyparsing-3.2.5-pyhcf101f3_0.conda
  sha256: 6814b61b94e95ffc45ec539a6424d8447895fef75b0fec7e1be31f5beee883fb
  md5: 6c8979be6d7a17692793114fa26916e8
  depends:
  - python >=3.10
  - python
  license: MIT
  license_family: MIT
  size: 104044
  timestamp: 1758436411254
- conda: https://conda.anaconda.org/conda-forge/noarch/pysocks-1.7.1-pyha55dd90_7.conda
  sha256: ba3b032fa52709ce0d9fd388f63d330a026754587a2f461117cac9ab73d8d0d8
  md5: 461219d1a5bd61342293efa2c0c90eac
  depends:
  - __unix
  - python >=3.9
  license: BSD-3-Clause
  license_family: BSD
  size: 21085
  timestamp: 1733217331982
- conda: https://conda.anaconda.org/conda-forge/noarch/pytest-9.0.1-pyhcf101f3_0.conda
  sha256: 7f25f71e4890fb60a4c4cb4563d10acf2d741804fec51e9b85a6fd97cd686f2f
  md5: fa7f71faa234947d9c520f89b4bda1a2
  depends:
  - pygments >=2.7.2
  - python >=3.10
  - iniconfig >=1.0.1
  - packaging >=22
  - pluggy >=1.5,<2
  - tomli >=1
  - colorama >=0.4
  - exceptiongroup >=1
  - python
  constrains:
  - pytest-faulthandler >=2
  license: MIT
  license_family: MIT
  size: 299017
  timestamp: 1763049198670
- conda: https://conda.anaconda.org/conda-forge/noarch/pytest-cov-7.0.0-pyhcf101f3_1.conda
  sha256: d0f45586aad48ef604590188c33c83d76e4fc6370ac569ba0900906b24fd6a26
  md5: 6891acad5e136cb62a8c2ed2679d6528
  depends:
  - coverage >=7.10.6
  - pluggy >=1.2
  - pytest >=7
  - python >=3.10
  - python
  license: MIT
  license_family: MIT
  size: 29016
  timestamp: 1757612051022
- conda: https://conda.anaconda.org/conda-forge/osx-64/python-3.14.0-hf88997e_102_cp314.conda
  build_number: 102
  sha256: 2470866eee70e75d6be667aa537424b63f97c397a0a90f05f2bab347b9ed5a51
  md5: 7917d1205eed3e72366a3397dca8a2af
  depends:
  - __osx >=10.13
  - bzip2 >=1.0.8,<2.0a0
  - libexpat >=2.7.1,<3.0a0
  - libffi >=3.5.2,<3.6.0a0
  - liblzma >=5.8.1,<6.0a0
  - libmpdec >=4.0.0,<5.0a0
  - libsqlite >=3.50.4,<4.0a0
  - libzlib >=1.3.1,<2.0a0
  - ncurses >=6.5,<7.0a0
  - openssl >=3.5.4,<4.0a0
  - python_abi 3.14.* *_cp314
  - readline >=8.2,<9.0a0
  - tk >=8.6.13,<8.7.0a0
  - tzdata
  - zstd >=1.5.7,<1.6.0a0
  license: Python-2.0
  size: 14427639
  timestamp: 1761177864469
  python_site_packages_path: lib/python3.14/site-packages
- conda: https://conda.anaconda.org/conda-forge/noarch/python-dateutil-2.9.0.post0-pyhe01879c_2.conda
  sha256: d6a17ece93bbd5139e02d2bd7dbfa80bee1a4261dced63f65f679121686bf664
  md5: 5b8d21249ff20967101ffa321cab24e8
  depends:
  - python >=3.9
  - six >=1.5
  - python
  license: Apache-2.0
  license_family: APACHE
  size: 233310
  timestamp: 1751104122689
- conda: https://conda.anaconda.org/conda-forge/noarch/python_abi-3.14-8_cp314.conda
  build_number: 8
  sha256: ad6d2e9ac39751cc0529dd1566a26751a0bf2542adb0c232533d32e176e21db5
  md5: 0539938c55b6b1a59b560e843ad864a4
  constrains:
  - python 3.14.* *_cp314
  license: BSD-3-Clause
  license_family: BSD
  size: 6989
  timestamp: 1752805904792
- conda: https://conda.anaconda.org/conda-forge/noarch/pyyaml-6.0.3-pyh7db6752_0.conda
  sha256: 828af2fd7bb66afc9ab1c564c2046be391aaf66c0215f05afaf6d7a9a270fe2a
  md5: b12f41c0d7fb5ab81709fcc86579688f
  depends:
  - python >=3.10.*
  - yaml
  track_features:
  - pyyaml_no_compile
  license: MIT
  license_family: MIT
  size: 45223
  timestamp: 1758891992558
- conda: https://conda.anaconda.org/conda-forge/osx-64/readline-8.2-h7cca4af_2.conda
  sha256: 53017e80453c4c1d97aaf78369040418dea14cf8f46a2fa999f31bd70b36c877
  md5: 342570f8e02f2f022147a7f841475784
  depends:
  - ncurses >=6.5,<7.0a0
  license: GPL-3.0-only
  license_family: GPL
  size: 256712
  timestamp: 1740379577668
- conda: https://conda.anaconda.org/conda-forge/noarch/referencing-0.36.2-pyh29332c3_0.conda
  sha256: e20909f474a6cece176dfc0dc1addac265deb5fa92ea90e975fbca48085b20c3
  md5: 9140f1c09dd5489549c6a33931b943c7
  depends:
  - attrs >=22.2.0
  - python >=3.9
  - rpds-py >=0.7.0
  - typing_extensions >=4.4.0
  - python
  license: MIT
  license_family: MIT
  size: 51668
  timestamp: 1737836872415
- conda: https://conda.anaconda.org/conda-forge/noarch/requests-2.32.5-pyhd8ed1ab_0.conda
  sha256: 8dc54e94721e9ab545d7234aa5192b74102263d3e704e6d0c8aa7008f2da2a7b
  md5: db0c6b99149880c8ba515cf4abe93ee4
  depends:
  - certifi >=2017.4.17
  - charset-normalizer >=2,<4
  - idna >=2.5,<4
  - python >=3.9
  - urllib3 >=1.21.1,<3
  constrains:
  - chardet >=3.0.2,<6
  license: Apache-2.0
  license_family: APACHE
  size: 59263
  timestamp: 1755614348400
- conda: https://conda.anaconda.org/conda-forge/noarch/responses-0.25.8-pyhd8ed1ab_0.conda
  sha256: 893cd8bcf6b36caca0e725f691fcf8520bc265fdabdbe94d2bdd6931ebe5c1ec
  md5: 54289c5f481bc55d5eb26fc1b54f428c
  depends:
  - python >=3.9
  - pyyaml
  - requests >=2.30.0,<3.0
  - types-pyyaml
  - typing_extensions
  - urllib3 >=1.25.10,<3.0
  license: Apache-2.0
  license_family: APACHE
  size: 36857
  timestamp: 1754718693151
- conda: https://conda.anaconda.org/conda-forge/noarch/rfc3339-validator-0.1.4-pyhd8ed1ab_1.conda
  sha256: 2e4372f600490a6e0b3bac60717278448e323cab1c0fecd5f43f7c56535a99c5
  md5: 36de09a8d3e5d5e6f4ee63af49e59706
  depends:
  - python >=3.9
  - six
  license: MIT
  license_family: MIT
  size: 10209
  timestamp: 1733600040800
- conda: https://conda.anaconda.org/conda-forge/osx-64/rpds-py-0.30.0-py314ha7b6dee_0.conda
  sha256: 368a758ba6f4fb3c6c9a0d25c090807553af5b3dc937a2180ff047fe8ebf6820
  md5: 816cb6c142c86de627fe7ffa1affddb2
  depends:
  - python
  - __osx >=10.13
  - python_abi 3.14.* *_cp314
  constrains:
  - __osx >=10.13
  license: MIT
  size: 362381
  timestamp: 1764543188314
- conda: https://conda.anaconda.org/conda-forge/noarch/s3transfer-0.16.0-pyhd8ed1ab_0.conda
  sha256: 9ac6598ff373af312f3ac27f545ca51563e77e3c0a4bbba15736ae8abbaa4896
  md5: 061b5affcffeef245d60ec3007d1effd
  depends:
  - botocore >=1.37.4,<2.0a.0
  - python >=3.10
  license: Apache-2.0
  license_family: Apache
  size: 66717
  timestamp: 1764589830083
- conda: https://conda.anaconda.org/conda-forge/noarch/setuptools-80.9.0-pyhff2d567_0.conda
  sha256: 972560fcf9657058e3e1f97186cc94389144b46dbdf58c807ce62e83f977e863
  md5: 4de79c071274a53dcaf2a8c749d1499e
  depends:
  - python >=3.9
  license: MIT
  license_family: MIT
  size: 748788
  timestamp: 1748804951958
- conda: https://conda.anaconda.org/conda-forge/noarch/six-1.17.0-pyhe01879c_1.conda
  sha256: 458227f759d5e3fcec5d9b7acce54e10c9e1f4f4b7ec978f3bfd54ce4ee9853d
  md5: 3339e3b65d58accf4ca4fb8748ab16b3
  depends:
  - python >=3.9
  - python
  license: MIT
  license_family: MIT
  size: 18455
  timestamp: 1753199211006
- conda: https://conda.anaconda.org/conda-forge/osx-64/tk-8.6.13-hf689a15_3.conda
  sha256: 0d0b6cef83fec41bc0eb4f3b761c4621b7adfb14378051a8177bd9bb73d26779
  md5: bd9f1de651dbd80b51281c694827f78f
  depends:
  - __osx >=10.13
  - libzlib >=1.3.1,<2.0a0
  license: TCL
  license_family: BSD
  size: 3262702
  timestamp: 1763055085507
- conda: https://conda.anaconda.org/conda-forge/noarch/tomli-2.3.0-pyhcf101f3_0.conda
  sha256: cb77c660b646c00a48ef942a9e1721ee46e90230c7c570cdeb5a893b5cce9bff
  md5: d2732eb636c264dc9aa4cbee404b1a53
  depends:
  - python >=3.10
  - python
  license: MIT
  license_family: MIT
  size: 20973
  timestamp: 1760014679845
- conda: https://conda.anaconda.org/conda-forge/noarch/types-pyyaml-6.0.12.20250915-pyhd8ed1ab_1.conda
  sha256: ba565f80b5dc5d88f34587b391f21807efd54099516f11beae5cb29a7925fd3d
  md5: 0fcb42ddc8e8ba6f906274108e6d891d
  depends:
  - python >=3.10
  license: Apache-2.0 AND MIT
  size: 22060
  timestamp: 1762942278334
- conda: https://conda.anaconda.org/conda-forge/noarch/typing_extensions-4.15.0-pyhcf101f3_0.conda
  sha256: 032271135bca55aeb156cee361c81350c6f3fb203f57d024d7e5a1fc9ef18731
  md5: 0caa1af407ecff61170c9437a808404d
  depends:
  - python >=3.10
  - python
  license: PSF-2.0
  license_family: PSF
  size: 51692
  timestamp: 1756220668932
- conda: https://conda.anaconda.org/conda-forge/noarch/tzdata-2025b-h78e105d_0.conda
  sha256: 5aaa366385d716557e365f0a4e9c3fca43ba196872abbbe3d56bb610d131e192
  md5: 4222072737ccff51314b5ece9c7d6f5a
  license: LicenseRef-Public-Domain
  size: 122968
  timestamp: 1742727099393
- conda: https://conda.anaconda.org/conda-forge/osx-64/ukkonen-1.0.1-py314hd4d8fbc_6.conda
  sha256: a0eae3891b029b7370422b6266eba63d44cd71b72cda963e8a58b6c1514a4657
  md5: 1ed1acfeb71fe25d63257a6ce4be801c
  depends:
  - __osx >=10.13
  - cffi
  - libcxx >=19
  - python >=3.14,<3.15.0a0
  - python_abi 3.14.* *_cp314
  arch: x86_64
  platform: osx
  license: MIT
  license_family: MIT
  size: 14099
  timestamp: 1761594980562
- conda: https://conda.anaconda.org/conda-forge/noarch/urllib3-2.5.0-pyhd8ed1ab_0.conda
  sha256: 4fb9789154bd666ca74e428d973df81087a697dbb987775bc3198d2215f240f8
  md5: 436c165519e140cb08d246a4472a9d6a
  depends:
  - brotli-python >=1.0.9
  - h2 >=4,<5
  - pysocks >=1.5.6,<2.0,!=1.5.7
  - python >=3.9
  - zstandard >=0.18.0
  license: MIT
  license_family: MIT
  size: 101735
  timestamp: 1750271478254
- conda: https://conda.anaconda.org/conda-forge/noarch/virtualenv-20.35.4-pyhd8ed1ab_0.conda
  sha256: 77193c99c6626c58446168d3700f9643d8c0dab1f6deb6b9dd039e6872781bfb
  md5: cfccfd4e8d9de82ed75c8e2c91cab375
  depends:
  - distlib >=0.3.7,<1
  - filelock >=3.12.2,<4
  - platformdirs >=3.9.1,<5
  - python >=3.10
  - typing_extensions >=4.13.2
  license: MIT
  license_family: MIT
  size: 4401341
  timestamp: 1761726489722
- conda: https://conda.anaconda.org/conda-forge/noarch/werkzeug-3.1.4-pyhcf101f3_0.conda
  sha256: 0c4a30a4713347ff822d73d2349fd9ef67a6f34993e7ae3434cdee7047e9ee1e
  md5: de082192dffe45d19aff3d86a4d06a24
  depends:
  - markupsafe >=2.1.1
  - python >=3.10
  - python
  license: BSD-3-Clause
  license_family: BSD
  size: 256621
  timestamp: 1764423417723
- conda: https://conda.anaconda.org/conda-forge/osx-64/wrapt-2.0.1-py314h6482030_1.conda
  sha256: 92da9378f73646fd69c33303e49d38bb15361d0289f1e242b323b0e0a656df42
  md5: 73ae738c4ab12ab0840f4db8dbe853f3
  depends:
  - __osx >=10.13
  - python >=3.14,<3.15.0a0
  - python_abi 3.14.* *_cp314
  license: BSD-2-Clause
  license_family: BSD
  size: 83281
  timestamp: 1762595224509
- conda: https://conda.anaconda.org/conda-forge/noarch/xmltodict-1.0.2-pyhcf101f3_0.conda
  sha256: 5001a8b0a26810f5b8e20a05bca8cd458b0f6dcfbe00bf648aec017b1fd341f1
  md5: e91301ac8b2ad640df6165db24914332
  depends:
  - python >=3.10
  - python
  license: MIT
  license_family: MIT
  size: 20026
  timestamp: 1758191083015
- conda: https://conda.anaconda.org/conda-forge/osx-64/yaml-0.2.5-h4132b18_3.conda
  sha256: a335161bfa57b64e6794c3c354e7d49449b28b8d8a7c4ed02bf04c3f009953f9
  md5: a645bb90997d3fc2aea0adf6517059bd
  depends:
  - __osx >=10.13
  license: MIT
  license_family: MIT
  size: 79419
  timestamp: 1753484072608
- conda: https://conda.anaconda.org/conda-forge/noarch/zipp-3.23.0-pyhcf101f3_1.conda
  sha256: b4533f7d9efc976511a73ef7d4a2473406d7f4c750884be8e8620b0ce70f4dae
  md5: 30cd29cb87d819caead4d55184c1d115
  depends:
  - python >=3.10
  - python
  license: MIT
  license_family: MIT
  size: 24194
  timestamp: 1764460141901
- conda: https://conda.anaconda.org/conda-forge/osx-64/zstandard-0.25.0-py314hd1e8ddb_1.conda
  sha256: cf12b4c138eef5160b12990278ac77dec5ca91de60638dd6cf1e60e4331d8087
  md5: b94712955dc017da312e6f6b4c6d4866
  depends:
  - python
  - cffi >=1.11
  - zstd >=1.5.7,<1.5.8.0a0
  - __osx >=10.13
  - python_abi 3.14.* *_cp314
  - zstd >=1.5.7,<1.6.0a0
  license: BSD-3-Clause
  license_family: BSD
  size: 470136
  timestamp: 1762512696464
- conda: https://conda.anaconda.org/conda-forge/osx-64/zstd-1.5.7-h281d3d1_5.conda
  sha256: d4abaac202f6d59750def37b003c7645b3b7eba2e132717a3d88b1399b2bd298
  md5: de488ea4c951e8eb642e19d574e7414b
  depends:
  - __osx >=10.13
  - libzlib >=1.3.1,<2.0a0
  license: BSD-3-Clause
  size: 476249
  timestamp: 1764567098876
